
Microsoft Visual Studio Solution File, Format Version 12.00
# Visual Studio Version 17
VisualStudioVersion = 17.9.34622.214
MinimumVisualStudioVersion = 10.0.40219.1
Project("{FAE04EC0-301F-11D3-BF4B-00C04F79EFBC}") = "PixelSnap", "PixelSnap\PixelSnap.csproj", "{BC69EEF5-F6EB-4A10-AB20-3C2F03157361}"
EndProject
Global
	GlobalSection(SolutionConfigurationPlatforms) = preSolution
		Debug|Any CPU = Debug|Any CPU
		Release|Any CPU = Release|Any CPU
	EndGlobalSection
	GlobalSection(ProjectConfigurationPlatforms) = postSolution
		{BC69EEF5-F6EB-4A10-AB20-3C2F03157361}.Debug|Any CPU.ActiveCfg = Debug|Any CPU
		{BC69EEF5-F6EB-4A10-AB20-3C2F03157361}.Debug|Any CPU.Build.0 = Debug|Any CPU
		{BC69EEF5-F6EB-4A10-AB20-3C2F03157361}.Debug|Any CPU.Deploy.0 = Debug|Any CPU
		{BC69EEF5-F6EB-4A10-AB20-3C2F03157361}.Release|Any CPU.ActiveCfg = Release|Any CPU
		{BC69EEF5-F6EB-4A10-AB20-3C2F03157361}.Release|Any CPU.Build.0 = Release|Any CPU
		{BC69EEF5-F6EB-4A10-AB20-3C2F03157361}.Release|Any CPU.Deploy.0 = Release|Any CPU
	EndGlobalSection
	GlobalSection(SolutionProperties) = preSolution
		HideSolutionNode = FALSE
	EndGlobalSection
	GlobalSection(ExtensibilityGlobals) = postSolution
		SolutionGuid = {E568ED6E-60FE-4098-A08D-4ADB94657E69}
	EndGlobalSection
EndGlobal
